
Microsoft Visual Studio Solution File, Format Version 12.00
# Visual Studio Version 16
VisualStudioVersion = 16.0.30523.141
MinimumVisualStudioVersion = 10.0.40219.1
Project("{9A19103F-16F7-4668-BE54-9A1E7A4F7556}") = "VirtualClass", "VirtualClass\VirtualClass.csproj", "{3EAC844E-B46C-4EE8-820A-C4F334C166C6}"
EndProject
Project("{FAE04EC0-301F-11D3-BF4B-00C04F79EFBC}") = "Virtual-Class-API", "Virtual-Class-API\Virtual-Class-API.csproj", "{751CA94C-D1F2-4A80-B93E-FA87D9A97359}"
EndProject
Project("{FAE04EC0-301F-11D3-BF4B-00C04F79EFBC}") = "Entities", "Entities\Entities.csproj", "{DB7E5660-0F1B-4B67-9F39-57EB568B829C}"
EndProject
Project("{FAE04EC0-301F-11D3-BF4B-00C04F79EFBC}") = "Contracts", "Contracts\Contracts.csproj", "{56C09406-579E-4EBA-85D9-F2E2FB72DEF8}"
EndProject
Project("{FAE04EC0-301F-11D3-BF4B-00C04F79EFBC}") = "LoggerService", "LoggerService\LoggerService.csproj", "{4E8370AC-7F9B-43BB-8ACA-4808BFA6B77A}"
EndProject
Project("{FAE04EC0-301F-11D3-BF4B-00C04F79EFBC}") = "Repository", "Repository\Repository.csproj", "{7E3211EA-8382-4D6B-A009-582F47621001}"
EndProject
Global
	GlobalSection(SolutionConfigurationPlatforms) = preSolution
		Debug|Any CPU = Debug|Any CPU
		Release|Any CPU = Release|Any CPU
	EndGlobalSection
	GlobalSection(ProjectConfigurationPlatforms) = postSolution
		{3EAC844E-B46C-4EE8-820A-C4F334C166C6}.Debug|Any CPU.ActiveCfg = Debug|Any CPU
		{3EAC844E-B46C-4EE8-820A-C4F334C166C6}.Debug|Any CPU.Build.0 = Debug|Any CPU
		{3EAC844E-B46C-4EE8-820A-C4F334C166C6}.Release|Any CPU.ActiveCfg = Release|Any CPU
		{3EAC844E-B46C-4EE8-820A-C4F334C166C6}.Release|Any CPU.Build.0 = Release|Any CPU
		{751CA94C-D1F2-4A80-B93E-FA87D9A97359}.Debug|Any CPU.ActiveCfg = Debug|Any CPU
		{751CA94C-D1F2-4A80-B93E-FA87D9A97359}.Debug|Any CPU.Build.0 = Debug|Any CPU
		{751CA94C-D1F2-4A80-B93E-FA87D9A97359}.Release|Any CPU.ActiveCfg = Release|Any CPU
		{751CA94C-D1F2-4A80-B93E-FA87D9A97359}.Release|Any CPU.Build.0 = Release|Any CPU
		{DB7E5660-0F1B-4B67-9F39-57EB568B829C}.Debug|Any CPU.ActiveCfg = Debug|Any CPU
		{DB7E5660-0F1B-4B67-9F39-57EB568B829C}.Debug|Any CPU.Build.0 = Debug|Any CPU
		{DB7E5660-0F1B-4B67-9F39-57EB568B829C}.Release|Any CPU.ActiveCfg = Release|Any CPU
		{DB7E5660-0F1B-4B67-9F39-57EB568B829C}.Release|Any CPU.Build.0 = Release|Any CPU
		{56C09406-579E-4EBA-85D9-F2E2FB72DEF8}.Debug|Any CPU.ActiveCfg = Debug|Any CPU
		{56C09406-579E-4EBA-85D9-F2E2FB72DEF8}.Debug|Any CPU.Build.0 = Debug|Any CPU
		{56C09406-579E-4EBA-85D9-F2E2FB72DEF8}.Release|Any CPU.ActiveCfg = Release|Any CPU
		{56C09406-579E-4EBA-85D9-F2E2FB72DEF8}.Release|Any CPU.Build.0 = Release|Any CPU
		{4E8370AC-7F9B-43BB-8ACA-4808BFA6B77A}.Debug|Any CPU.ActiveCfg = Debug|Any CPU
		{4E8370AC-7F9B-43BB-8ACA-4808BFA6B77A}.Debug|Any CPU.Build.0 = Debug|Any CPU
		{4E8370AC-7F9B-43BB-8ACA-4808BFA6B77A}.Release|Any CPU.ActiveCfg = Release|Any CPU
		{4E8370AC-7F9B-43BB-8ACA-4808BFA6B77A}.Release|Any CPU.Build.0 = Release|Any CPU
		{7E3211EA-8382-4D6B-A009-582F47621001}.Debug|Any CPU.ActiveCfg = Debug|Any CPU
		{7E3211EA-8382-4D6B-A009-582F47621001}.Debug|Any CPU.Build.0 = Debug|Any CPU
		{7E3211EA-8382-4D6B-A009-582F47621001}.Release|Any CPU.ActiveCfg = Release|Any CPU
		{7E3211EA-8382-4D6B-A009-582F47621001}.Release|Any CPU.Build.0 = Release|Any CPU
	EndGlobalSection
	GlobalSection(SolutionProperties) = preSolution
		HideSolutionNode = FALSE
	EndGlobalSection
	GlobalSection(ExtensibilityGlobals) = postSolution
		SolutionGuid = {9AF6AFC6-C91B-49CF-99F7-A6CDB2AE2A68}
	EndGlobalSection
EndGlobal
